
Microsoft Visual Studio Solution File, Format Version 12.00
# Visual Studio 15
VisualStudioVersion = 15.0.26730.8
MinimumVisualStudioVersion = 10.0.40219.1
Project("{9A19103F-16F7-4668-BE54-9A1E7A4F7556}") = "BaseApplication", "BaseApplication\BaseApplication.csproj", "{CD09C343-4461-42E2-B9DF-96C311B63E7E}"
EndProject
Project("{FAE04EC0-301F-11D3-BF4B-00C04F79EFBC}") = "BaseApplicationEntities", "BaseApplicationEntities\BaseApplicationEntities.csproj", "{D6E924FA-086C-42D6-9660-12A0D329F349}"
EndProject
Global
	GlobalSection(SolutionConfigurationPlatforms) = preSolution
		Debug|Any CPU = Debug|Any CPU
		Release|Any CPU = Release|Any CPU
	EndGlobalSection
	GlobalSection(ProjectConfigurationPlatforms) = postSolution
		{CD09C343-4461-42E2-B9DF-96C311B63E7E}.Debug|Any CPU.ActiveCfg = Debug|Any CPU
		{CD09C343-4461-42E2-B9DF-96C311B63E7E}.Debug|Any CPU.Build.0 = Debug|Any CPU
		{CD09C343-4461-42E2-B9DF-96C311B63E7E}.Release|Any CPU.ActiveCfg = Release|Any CPU
		{CD09C343-4461-42E2-B9DF-96C311B63E7E}.Release|Any CPU.Build.0 = Release|Any CPU
		{D6E924FA-086C-42D6-9660-12A0D329F349}.Debug|Any CPU.ActiveCfg = Debug|Any CPU
		{D6E924FA-086C-42D6-9660-12A0D329F349}.Debug|Any CPU.Build.0 = Debug|Any CPU
		{D6E924FA-086C-42D6-9660-12A0D329F349}.Release|Any CPU.ActiveCfg = Release|Any CPU
		{D6E924FA-086C-42D6-9660-12A0D329F349}.Release|Any CPU.Build.0 = Release|Any CPU
	EndGlobalSection
	GlobalSection(SolutionProperties) = preSolution
		HideSolutionNode = FALSE
	EndGlobalSection
	GlobalSection(ExtensibilityGlobals) = postSolution
		SolutionGuid = {12CEB718-2F86-4131-A2A7-A7BF104B2BEA}
	EndGlobalSection
EndGlobal
